
Microsoft Visual Studio Solution File, Format Version 12.00
# Visual Studio Version 17
VisualStudioVersion = 17.2.32616.157
MinimumVisualStudioVersion = 10.0.40219.1
Project("{9A19103F-16F7-4668-BE54-9A1E7A4F7556}") = "MidtermProject", "MidtermProject\MidtermProject.csproj", "{F74F7E8E-E185-4D5C-A5F1-6E572C7FA104}"
EndProject
Project("{FAE04EC0-301F-11D3-BF4B-00C04F79EFBC}") = "MidtermProject.Test", "MidtermProject.Test\MidtermProject.Test.csproj", "{CA473C34-0769-4348-B2FC-A599F337649A}"
EndProject
Global
	GlobalSection(SolutionConfigurationPlatforms) = preSolution
		Debug|Any CPU = Debug|Any CPU
		Release|Any CPU = Release|Any CPU
	EndGlobalSection
	GlobalSection(ProjectConfigurationPlatforms) = postSolution
		{F74F7E8E-E185-4D5C-A5F1-6E572C7FA104}.Debug|Any CPU.ActiveCfg = Debug|Any CPU
		{F74F7E8E-E185-4D5C-A5F1-6E572C7FA104}.Debug|Any CPU.Build.0 = Debug|Any CPU
		{F74F7E8E-E185-4D5C-A5F1-6E572C7FA104}.Release|Any CPU.ActiveCfg = Release|Any CPU
		{F74F7E8E-E185-4D5C-A5F1-6E572C7FA104}.Release|Any CPU.Build.0 = Release|Any CPU
		{CA473C34-0769-4348-B2FC-A599F337649A}.Debug|Any CPU.ActiveCfg = Debug|Any CPU
		{CA473C34-0769-4348-B2FC-A599F337649A}.Debug|Any CPU.Build.0 = Debug|Any CPU
		{CA473C34-0769-4348-B2FC-A599F337649A}.Release|Any CPU.ActiveCfg = Release|Any CPU
		{CA473C34-0769-4348-B2FC-A599F337649A}.Release|Any CPU.Build.0 = Release|Any CPU
	EndGlobalSection
	GlobalSection(SolutionProperties) = preSolution
		HideSolutionNode = FALSE
	EndGlobalSection
	GlobalSection(ExtensibilityGlobals) = postSolution
		SolutionGuid = {7CBDE556-C5F6-414C-BFBA-53281084BECD}
	EndGlobalSection
EndGlobal
